
Microsoft Visual Studio Solution File, Format Version 12.00
# Visual Studio Version 17
VisualStudioVersion = 17.6.33815.320
MinimumVisualStudioVersion = 10.0.40219.1
Project("{FAE04EC0-301F-11D3-BF4B-00C04F79EFBC}") = "AoC2024", "AoC2024.csproj", "{1D5C2E54-CCCB-435F-88C1-4735A2529E45}"
EndProject
Global
	GlobalSection(SolutionConfigurationPlatforms) = preSolution
		Debug|Any CPU = Debug|Any CPU
		Release|Any CPU = Release|Any CPU
	EndGlobalSection
	GlobalSection(ProjectConfigurationPlatforms) = postSolution
		{1D5C2E54-CCCB-435F-88C1-4735A2529E45}.Debug|Any CPU.ActiveCfg = Debug|Any CPU
		{1D5C2E54-CCCB-435F-88C1-4735A2529E45}.Debug|Any CPU.Build.0 = Debug|Any CPU
		{1D5C2E54-CCCB-435F-88C1-4735A2529E45}.Release|Any CPU.ActiveCfg = Release|Any CPU
		{1D5C2E54-CCCB-435F-88C1-4735A2529E45}.Release|Any CPU.Build.0 = Release|Any CPU
	EndGlobalSection
	GlobalSection(SolutionProperties) = preSolution
		HideSolutionNode = FALSE
	EndGlobalSection
	GlobalSection(ExtensibilityGlobals) = postSolution
		SolutionGuid = {BAE61E4D-607A-4278-B01D-46DE77993C54}
	EndGlobalSection
EndGlobal
